
Microsoft Visual Studio Solution File, Format Version 12.00
# Visual Studio Version 17
VisualStudioVersion = 17.8.34525.116
MinimumVisualStudioVersion = 10.0.40219.1
Project("{FAE04EC0-301F-11D3-BF4B-00C04F79EFBC}") = "Week2", "Week2\Week2.csproj", "{3A45DBF2-4B16-4AB2-BE9A-2F896D35BA88}"
EndProject
Project("{FAE04EC0-301F-11D3-BF4B-00C04F79EFBC}") = "UserGenderValidation", "UserAgeValidation\UserGenderValidation.csproj", "{BB4751DB-849D-43BA-B4A9-EBFC7E2734FA}"
EndProject
Project("{FAE04EC0-301F-11D3-BF4B-00C04F79EFBC}") = "UserAgeValidation1", "UserAgeValidation1\UserAgeValidation1.csproj", "{7E4FCDE7-B013-4007-8141-9414D95D406C}"
EndProject
Global
	GlobalSection(SolutionConfigurationPlatforms) = preSolution
		Debug|Any CPU = Debug|Any CPU
		Release|Any CPU = Release|Any CPU
	EndGlobalSection
	GlobalSection(ProjectConfigurationPlatforms) = postSolution
		{3A45DBF2-4B16-4AB2-BE9A-2F896D35BA88}.Debug|Any CPU.ActiveCfg = Debug|Any CPU
		{3A45DBF2-4B16-4AB2-BE9A-2F896D35BA88}.Debug|Any CPU.Build.0 = Debug|Any CPU
		{3A45DBF2-4B16-4AB2-BE9A-2F896D35BA88}.Release|Any CPU.ActiveCfg = Release|Any CPU
		{3A45DBF2-4B16-4AB2-BE9A-2F896D35BA88}.Release|Any CPU.Build.0 = Release|Any CPU
		{BB4751DB-849D-43BA-B4A9-EBFC7E2734FA}.Debug|Any CPU.ActiveCfg = Debug|Any CPU
		{BB4751DB-849D-43BA-B4A9-EBFC7E2734FA}.Debug|Any CPU.Build.0 = Debug|Any CPU
		{BB4751DB-849D-43BA-B4A9-EBFC7E2734FA}.Release|Any CPU.ActiveCfg = Release|Any CPU
		{BB4751DB-849D-43BA-B4A9-EBFC7E2734FA}.Release|Any CPU.Build.0 = Release|Any CPU
		{7E4FCDE7-B013-4007-8141-9414D95D406C}.Debug|Any CPU.ActiveCfg = Debug|Any CPU
		{7E4FCDE7-B013-4007-8141-9414D95D406C}.Debug|Any CPU.Build.0 = Debug|Any CPU
		{7E4FCDE7-B013-4007-8141-9414D95D406C}.Release|Any CPU.ActiveCfg = Release|Any CPU
		{7E4FCDE7-B013-4007-8141-9414D95D406C}.Release|Any CPU.Build.0 = Release|Any CPU
	EndGlobalSection
	GlobalSection(SolutionProperties) = preSolution
		HideSolutionNode = FALSE
	EndGlobalSection
	GlobalSection(ExtensibilityGlobals) = postSolution
		SolutionGuid = {3634BD12-1DFE-4886-8614-48CD9CD387D7}
	EndGlobalSection
EndGlobal
